
Microsoft Visual Studio Solution File, Format Version 12.00
# Visual Studio 2013
VisualStudioVersion = 12.0.21005.1
MinimumVisualStudioVersion = 10.0.40219.1
Project("{FAE04EC0-301F-11D3-BF4B-00C04F79EFBC}") = "p.QueryStringMerger", "p.QueryStringMerger\p.QueryStringMerger.csproj", "{B513FCBB-95E3-4A13-A73C-6A186D5AF7B0}"
EndProject
Project("{FAE04EC0-301F-11D3-BF4B-00C04F79EFBC}") = "p.QueryStringMerger.Test", "p.QueryStringMerger.Test\p.QueryStringMerger.Test.csproj", "{6FF404B7-2E8D-4783-B25D-8ED3359CA02C}"
EndProject
Global
	GlobalSection(TeamFoundationVersionControl) = preSolution
		SccNumberOfProjects = 3
		SccEnterpriseProvider = {4CA58AB2-18FA-4F8D-95D4-32DDF27D184C}
		SccTeamFoundationServer = https://volkanakin.visualstudio.com/defaultcollection
		SccLocalPath0 = .
		SccProjectUniqueName1 = p.QueryStringMerger.Test\\p.QueryStringMerger.Test.csproj
		SccProjectName1 = p.QueryStringMerger.Test
		SccLocalPath1 = p.QueryStringMerger.Test
		SccProjectUniqueName2 = p.QueryStringMerger\\p.QueryStringMerger.csproj
		SccProjectName2 = p.QueryStringMerger
		SccLocalPath2 = p.QueryStringMerger
	EndGlobalSection
	GlobalSection(SolutionConfigurationPlatforms) = preSolution
		Debug|Any CPU = Debug|Any CPU
		Release|Any CPU = Release|Any CPU
	EndGlobalSection
	GlobalSection(ProjectConfigurationPlatforms) = postSolution
		{B513FCBB-95E3-4A13-A73C-6A186D5AF7B0}.Debug|Any CPU.ActiveCfg = Debug|Any CPU
		{B513FCBB-95E3-4A13-A73C-6A186D5AF7B0}.Debug|Any CPU.Build.0 = Debug|Any CPU
		{B513FCBB-95E3-4A13-A73C-6A186D5AF7B0}.Release|Any CPU.ActiveCfg = Release|Any CPU
		{B513FCBB-95E3-4A13-A73C-6A186D5AF7B0}.Release|Any CPU.Build.0 = Release|Any CPU
		{6FF404B7-2E8D-4783-B25D-8ED3359CA02C}.Debug|Any CPU.ActiveCfg = Debug|Any CPU
		{6FF404B7-2E8D-4783-B25D-8ED3359CA02C}.Debug|Any CPU.Build.0 = Debug|Any CPU
		{6FF404B7-2E8D-4783-B25D-8ED3359CA02C}.Release|Any CPU.ActiveCfg = Release|Any CPU
		{6FF404B7-2E8D-4783-B25D-8ED3359CA02C}.Release|Any CPU.Build.0 = Release|Any CPU
	EndGlobalSection
	GlobalSection(SolutionProperties) = preSolution
		HideSolutionNode = FALSE
	EndGlobalSection
EndGlobal
